
Microsoft Visual Studio Solution File, Format Version 12.00
# Visual Studio 15
VisualStudioVersion = 15.0.28307.902
MinimumVisualStudioVersion = 10.0.40219.1
Project("{FAE04EC0-301F-11D3-BF4B-00C04F79EFBC}") = "App3", "App3\App3.csproj", "{19762F52-2C63-47DC-92EC-201973A54732}"
EndProject
Global
	GlobalSection(SolutionConfigurationPlatforms) = preSolution
		Debug|Any CPU = Debug|Any CPU
		Release|Any CPU = Release|Any CPU
	EndGlobalSection
	GlobalSection(ProjectConfigurationPlatforms) = postSolution
		{19762F52-2C63-47DC-92EC-201973A54732}.Debug|Any CPU.ActiveCfg = Debug|Any CPU
		{19762F52-2C63-47DC-92EC-201973A54732}.Debug|Any CPU.Build.0 = Debug|Any CPU
		{19762F52-2C63-47DC-92EC-201973A54732}.Debug|Any CPU.Deploy.0 = Debug|Any CPU
		{19762F52-2C63-47DC-92EC-201973A54732}.Release|Any CPU.ActiveCfg = Release|Any CPU
		{19762F52-2C63-47DC-92EC-201973A54732}.Release|Any CPU.Build.0 = Release|Any CPU
		{19762F52-2C63-47DC-92EC-201973A54732}.Release|Any CPU.Deploy.0 = Release|Any CPU
	EndGlobalSection
	GlobalSection(SolutionProperties) = preSolution
		HideSolutionNode = FALSE
	EndGlobalSection
	GlobalSection(ExtensibilityGlobals) = postSolution
		SolutionGuid = {58089793-075C-4E40-A9BF-AD38D567CE0E}
	EndGlobalSection
EndGlobal
